// !$*UTF8*$!
{
	archiveVersion = 1;
	classes = {
	};
	objectVersion = 46;
	objects = {

/* Begin PBXBuildFile section */
		74402A271DB2B1AC001E9216 /* Geofencing.swift in Sources */ = {isa = PBXBuildFile; fileRef = 74402A261DB2B1AC001E9216 /* Geofencing.swift */; };
		74962F171DB37D9500EDCBB5 /* main.swift in Sources */ = {isa = PBXBuildFile; fileRef = 74962F161DB37D9500EDCBB5 /* main.swift */; };
		A32B0BE11DB2ED7E0085B7F7 /* WebsiteBlock.swift in Sources */ = {isa = PBXBuildFile; fileRef = A32B0BE01DB2ED7E0085B7F7 /* WebsiteBlock.swift */; };
		D200E1E31DB2836200BC94CC /* MapKit.framework in Frameworks */ = {isa = PBXBuildFile; fileRef = D200E1E21DB2836200BC94CC /* MapKit.framework */; };
		D2D051151DB26C9500989A60 /* AppDelegate.swift in Sources */ = {isa = PBXBuildFile; fileRef = D2D051141DB26C9500989A60 /* AppDelegate.swift */; };
		D2D051171DB26C9500989A60 /* ViewController.swift in Sources */ = {isa = PBXBuildFile; fileRef = D2D051161DB26C9500989A60 /* ViewController.swift */; };
		D2D051191DB26C9500989A60 /* Assets.xcassets in Resources */ = {isa = PBXBuildFile; fileRef = D2D051181DB26C9500989A60 /* Assets.xcassets */; };
		D2D0511C1DB26C9500989A60 /* Main.storyboard in Resources */ = {isa = PBXBuildFile; fileRef = D2D0511A1DB26C9500989A60 /* Main.storyboard */; };
		D2D051241DB2700C00989A60 /* WorkSpace.swift in Sources */ = {isa = PBXBuildFile; fileRef = D2D051231DB2700C00989A60 /* WorkSpace.swift */; };
/* End PBXBuildFile section */

/* Begin PBXFileReference section */
		74402A261DB2B1AC001E9216 /* Geofencing.swift */ = {isa = PBXFileReference; fileEncoding = 4; lastKnownFileType = sourcecode.swift; path = Geofencing.swift; sourceTree = "<group>"; };
		74962F161DB37D9500EDCBB5 /* main.swift */ = {isa = PBXFileReference; fileEncoding = 4; lastKnownFileType = sourcecode.swift; path = main.swift; sourceTree = "<group>"; };
		A32B0BE01DB2ED7E0085B7F7 /* WebsiteBlock.swift */ = {isa = PBXFileReference; fileEncoding = 4; lastKnownFileType = sourcecode.swift; path = WebsiteBlock.swift; sourceTree = "<group>"; };
		D200E1E21DB2836200BC94CC /* MapKit.framework */ = {isa = PBXFileReference; lastKnownFileType = wrapper.framework; name = MapKit.framework; path = System/Library/Frameworks/MapKit.framework; sourceTree = SDKROOT; };
		D2D051111DB26C9500989A60 /* Blockspot.app */ = {isa = PBXFileReference; explicitFileType = wrapper.application; includeInIndex = 0; path = Blockspot.app; sourceTree = BUILT_PRODUCTS_DIR; };
		D2D051141DB26C9500989A60 /* AppDelegate.swift */ = {isa = PBXFileReference; lastKnownFileType = sourcecode.swift; path = AppDelegate.swift; sourceTree = "<group>"; };
		D2D051161DB26C9500989A60 /* ViewController.swift */ = {isa = PBXFileReference; lastKnownFileType = sourcecode.swift; path = ViewController.swift; sourceTree = "<group>"; };
		D2D051181DB26C9500989A60 /* Assets.xcassets */ = {isa = PBXFileReference; lastKnownFileType = folder.assetcatalog; path = Assets.xcassets; sourceTree = "<group>"; };
		D2D0511B1DB26C9500989A60 /* Base */ = {isa = PBXFileReference; lastKnownFileType = file.storyboard; name = Base; path = Base.lproj/Main.storyboard; sourceTree = "<group>"; };
		D2D0511D1DB26C9500989A60 /* Info.plist */ = {isa = PBXFileReference; lastKnownFileType = text.plist.xml; path = Info.plist; sourceTree = "<group>"; };
		D2D051231DB2700C00989A60 /* WorkSpace.swift */ = {isa = PBXFileReference; fileEncoding = 4; lastKnownFileType = sourcecode.swift; path = WorkSpace.swift; sourceTree = "<group>"; };
		D2D051281DB2758500989A60 /* Blockspot.entitlements */ = {isa = PBXFileReference; lastKnownFileType = text.plist.entitlements; path = Blockspot.entitlements; sourceTree = "<group>"; };
/* End PBXFileReference section */

/* Begin PBXFrameworksBuildPhase section */
		D2D0510E1DB26C9500989A60 /* Frameworks */ = {
			isa = PBXFrameworksBuildPhase;
			buildActionMask = 2147483647;
			files = (
				D200E1E31DB2836200BC94CC /* MapKit.framework in Frameworks */,
			);
			runOnlyForDeploymentPostprocessing = 0;
		};
/* End PBXFrameworksBuildPhase section */

/* Begin PBXGroup section */
		D2D051081DB26C9500989A60 = {
			isa = PBXGroup;
			children = (
				D2D051131DB26C9500989A60 /* Blockspot */,
				D2D051121DB26C9500989A60 /* Products */,
				D2D051251DB2758500989A60 /* Frameworks */,
			);
			sourceTree = "<group>";
		};
		D2D051121DB26C9500989A60 /* Products */ = {
			isa = PBXGroup;
			children = (
				D2D051111DB26C9500989A60 /* Blockspot.app */,
			);
			name = Products;
			sourceTree = "<group>";
		};
		D2D051131DB26C9500989A60 /* Blockspot */ = {
			isa = PBXGroup;
			children = (
				D2D051281DB2758500989A60 /* Blockspot.entitlements */,
				D2D051141DB26C9500989A60 /* AppDelegate.swift */,
				D2D051161DB26C9500989A60 /* ViewController.swift */,
				D2D051231DB2700C00989A60 /* WorkSpace.swift */,
				74402A261DB2B1AC001E9216 /* Geofencing.swift */,
				D2D051181DB26C9500989A60 /* Assets.xcassets */,
				D2D0511A1DB26C9500989A60 /* Main.storyboard */,
				D2D0511D1DB26C9500989A60 /* Info.plist */,
				A32B0BE01DB2ED7E0085B7F7 /* WebsiteBlock.swift */,
				74962F161DB37D9500EDCBB5 /* main.swift */,
			);
			path = Blockspot;
			sourceTree = "<group>";
		};
		D2D051251DB2758500989A60 /* Frameworks */ = {
			isa = PBXGroup;
			children = (
				D200E1E21DB2836200BC94CC /* MapKit.framework */,
			);
			name = Frameworks;
			sourceTree = "<group>";
		};
/* End PBXGroup section */

/* Begin PBXNativeTarget section */
		D2D051101DB26C9500989A60 /* Blockspot */ = {
			isa = PBXNativeTarget;
			buildConfigurationList = D2D051201DB26C9500989A60 /* Build configuration list for PBXNativeTarget "Blockspot" */;
			buildPhases = (
				D2D0510D1DB26C9500989A60 /* Sources */,
				D2D0510E1DB26C9500989A60 /* Frameworks */,
				D2D0510F1DB26C9500989A60 /* Resources */,
			);
			buildRules = (
			);
			dependencies = (
			);
			name = Blockspot;
			productName = Blockspot;
			productReference = D2D051111DB26C9500989A60 /* Blockspot.app */;
			productType = "com.apple.product-type.application";
		};
/* End PBXNativeTarget section */

/* Begin PBXProject section */
		D2D051091DB26C9500989A60 /* Project object */ = {
			isa = PBXProject;
			attributes = {
				LastSwiftUpdateCheck = 0800;
				LastUpgradeCheck = 0800;
				ORGANIZATIONNAME = "Alessandro Bonardi";
				TargetAttributes = {
					D2D051101DB26C9500989A60 = {
						CreatedOnToolsVersion = 8.0;
						DevelopmentTeam = PD995XC8SP;
						ProvisioningStyle = Automatic;
						SystemCapabilities = {
							com.apple.Maps.Mac = {
								enabled = 1;
							};
						};
					};
				};
			};
			buildConfigurationList = D2D0510C1DB26C9500989A60 /* Build configuration list for PBXProject "Blockspot" */;
			compatibilityVersion = "Xcode 3.2";
			developmentRegion = English;
			hasScannedForEncodings = 0;
			knownRegions = (
				en,
				Base,
			);
			mainGroup = D2D051081DB26C9500989A60;
			productRefGroup = D2D051121DB26C9500989A60 /* Products */;
			projectDirPath = "";
			projectRoot = "";
			targets = (
				D2D051101DB26C9500989A60 /* Blockspot */,
			);
		};
/* End PBXProject section */

/* Begin PBXResourcesBuildPhase section */
		D2D0510F1DB26C9500989A60 /* Resources */ = {
			isa = PBXResourcesBuildPhase;
			buildActionMask = 2147483647;
			files = (
				D2D051191DB26C9500989A60 /* Assets.xcassets in Resources */,
				D2D0511C1DB26C9500989A60 /* Main.storyboard in Resources */,
			);
			runOnlyForDeploymentPostprocessing = 0;
		};
/* End PBXResourcesBuildPhase section */

/* Begin PBXSourcesBuildPhase section */
		D2D0510D1DB26C9500989A60 /* Sources */ = {
			isa = PBXSourcesBuildPhase;
			buildActionMask = 2147483647;
			files = (
				74402A271DB2B1AC001E9216 /* Geofencing.swift in Sources */,
				A32B0BE11DB2ED7E0085B7F7 /* WebsiteBlock.swift in Sources */,
				D2D051171DB26C9500989A60 /* ViewController.swift in Sources */,
				D2D051151DB26C9500989A60 /* AppDelegate.swift in Sources */,
				74962F171DB37D9500EDCBB5 /* main.swift in Sources */,
				D2D051241DB2700C00989A60 /* WorkSpace.swift in Sources */,
			);
			runOnlyForDeploymentPostprocessing = 0;
		};
/* End PBXSourcesBuildPhase section */

/* Begin PBXVariantGroup section */
		D2D0511A1DB26C9500989A60 /* Main.storyboard */ = {
			isa = PBXVariantGroup;
			children = (
				D2D0511B1DB26C9500989A60 /* Base */,
			);
			name = Main.storyboard;
			sourceTree = "<group>";
		};
/* End PBXVariantGroup section */

/* Begin XCBuildConfiguration section */
		D2D0511E1DB26C9500989A60 /* Debug */ = {
			isa = XCBuildConfiguration;
			buildSettings = {
				ALWAYS_SEARCH_USER_PATHS = NO;
				CLANG_ANALYZER_NONNULL = YES;
				CLANG_CXX_LANGUAGE_STANDARD = "gnu++0x";
				CLANG_CXX_LIBRARY = "libc++";
				CLANG_ENABLE_MODULES = YES;
				CLANG_ENABLE_OBJC_ARC = YES;
				CLANG_WARN_BOOL_CONVERSION = YES;
				CLANG_WARN_CONSTANT_CONVERSION = YES;
				CLANG_WARN_DIRECT_OBJC_ISA_USAGE = YES_ERROR;
				CLANG_WARN_DOCUMENTATION_COMMENTS = YES;
				CLANG_WARN_EMPTY_BODY = YES;
				CLANG_WARN_ENUM_CONVERSION = YES;
				CLANG_WARN_INFINITE_RECURSION = YES;
				CLANG_WARN_INT_CONVERSION = YES;
				CLANG_WARN_OBJC_ROOT_CLASS = YES_ERROR;
				CLANG_WARN_SUSPICIOUS_MOVES = YES;
				CLANG_WARN_UNREACHABLE_CODE = YES;
				CLANG_WARN__DUPLICATE_METHOD_MATCH = YES;
				CODE_SIGN_IDENTITY = "-";
				COPY_PHASE_STRIP = NO;
				DEBUG_INFORMATION_FORMAT = dwarf;
				ENABLE_STRICT_OBJC_MSGSEND = YES;
				ENABLE_TESTABILITY = YES;
				GCC_C_LANGUAGE_STANDARD = gnu99;
				GCC_DYNAMIC_NO_PIC = NO;
				GCC_NO_COMMON_BLOCKS = YES;
				GCC_OPTIMIZATION_LEVEL = 0;
				GCC_PREPROCESSOR_DEFINITIONS = (
					"DEBUG=1",
					"$(inherited)",
				);
				GCC_WARN_64_TO_32_BIT_CONVERSION = YES;
				GCC_WARN_ABOUT_RETURN_TYPE = YES_ERROR;
				GCC_WARN_UNDECLARED_SELECTOR = YES;
				GCC_WARN_UNINITIALIZED_AUTOS = YES_AGGRESSIVE;
				GCC_WARN_UNUSED_FUNCTION = YES;
				GCC_WARN_UNUSED_VARIABLE = YES;
				MACOSX_DEPLOYMENT_TARGET = 10.11;
				MTL_ENABLE_DEBUG_INFO = YES;
				ONLY_ACTIVE_ARCH = YES;
				SDKROOT = macosx;
				SWIFT_ACTIVE_COMPILATION_CONDITIONS = DEBUG;
				SWIFT_OPTIMIZATION_LEVEL = "-Onone";
			};
			name = Debug;
		};
		D2D0511F1DB26C9500989A60 /* Release */ = {
			isa = XCBuildConfiguration;
			buildSettings = {
				ALWAYS_SEARCH_USER_PATHS = NO;
				CLANG_ANALYZER_NONNULL = YES;
				CLANG_CXX_LANGUAGE_STANDARD = "gnu++0x";
				CLANG_CXX_LIBRARY = "libc++";
				CLANG_ENABLE_MODULES = YES;
				CLANG_ENABLE_OBJC_ARC = YES;
				CLANG_WARN_BOOL_CONVERSION = YES;
				CLANG_WARN_CONSTANT_CONVERSION = YES;
				CLANG_WARN_DIRECT_OBJC_ISA_USAGE = YES_ERROR;
				CLANG_WARN_DOCUMENTATION_COMMENTS = YES;
				CLANG_WARN_EMPTY_BODY = YES;
				CLANG_WARN_ENUM_CONVERSION = YES;
				CLANG_WARN_INFINITE_RECURSION = YES;
				CLANG_WARN_INT_CONVERSION = YES;
				CLANG_WARN_OBJC_ROOT_CLASS = YES_ERROR;
				CLANG_WARN_SUSPICIOUS_MOVES = YES;
				CLANG_WARN_UNREACHABLE_CODE = YES;
				CLANG_WARN__DUPLICATE_METHOD_MATCH = YES;
				CODE_SIGN_IDENTITY = "-";
				COPY_PHASE_STRIP = NO;
				DEBUG_INFORMATION_FORMAT = "dwarf-with-dsym";
				ENABLE_NS_ASSERTIONS = NO;
				ENABLE_STRICT_OBJC_MSGSEND = YES;
				GCC_C_LANGUAGE_STANDARD = gnu99;
				GCC_NO_COMMON_BLOCKS = YES;
				GCC_WARN_64_TO_32_BIT_CONVERSION = YES;
				GCC_WARN_ABOUT_RETURN_TYPE = YES_ERROR;
				GCC_WARN_UNDECLARED_SELECTOR = YES;
				GCC_WARN_UNINITIALIZED_AUTOS = YES_AGGRESSIVE;
				GCC_WARN_UNUSED_FUNCTION = YES;
				GCC_WARN_UNUSED_VARIABLE = YES;
				MACOSX_DEPLOYMENT_TARGET = 10.11;
				MTL_ENABLE_DEBUG_INFO = NO;
				SDKROOT = macosx;
				SWIFT_OPTIMIZATION_LEVEL = "-Owholemodule";
			};
			name = Release;
		};
		D2D051211DB26C9500989A60 /* Debug */ = {
			isa = XCBuildConfiguration;
			buildSettings = {
				ASSETCATALOG_COMPILER_APPICON_NAME = AppIcon;
				CODE_SIGN_ENTITLEMENTS = Blockspot/Blockspot.entitlements;
				CODE_SIGN_IDENTITY = "Mac Developer";
				"CODE_SIGN_IDENTITY[sdk=macosx*]" = "Mac Developer";
				COMBINE_HIDPI_IMAGES = YES;
				DEVELOPMENT_TEAM = PD995XC8SP;
				INFOPLIST_FILE = Blockspot/Info.plist;
				LD_RUNPATH_SEARCH_PATHS = "$(inherited) @executable_path/../Frameworks";
				PRODUCT_BUNDLE_IDENTIFIER = rakhilyamekhtieva.Blockspot2;
				PRODUCT_NAME = "$(TARGET_NAME)";
				PROVISIONING_PROFILE = "";
				SWIFT_VERSION = 3.0;
			};
			name = Debug;
		};
		D2D051221DB26C9500989A60 /* Release */ = {
			isa = XCBuildConfiguration;
			buildSettings = {
				ASSETCATALOG_COMPILER_APPICON_NAME = AppIcon;
				CODE_SIGN_ENTITLEMENTS = Blockspot/Blockspot.entitlements;
				CODE_SIGN_IDENTITY = "Mac Developer";
				"CODE_SIGN_IDENTITY[sdk=macosx*]" = "Mac Developer";
				COMBINE_HIDPI_IMAGES = YES;
				DEVELOPMENT_TEAM = PD995XC8SP;
				INFOPLIST_FILE = Blockspot/Info.plist;
				LD_RUNPATH_SEARCH_PATHS = "$(inherited) @executable_path/../Frameworks";
				PRODUCT_BUNDLE_IDENTIFIER = rakhilyamekhtieva.Blockspot2;
				PRODUCT_NAME = "$(TARGET_NAME)";
				PROVISIONING_PROFILE = "";
				SWIFT_VERSION = 3.0;
			};
			name = Release;
		};
/* End XCBuildConfiguration section */

/* Begin XCConfigurationList section */
		D2D0510C1DB26C9500989A60 /* Build configuration list for PBXProject "Blockspot" */ = {
			isa = XCConfigurationList;
			buildConfigurations = (
				D2D0511E1DB26C9500989A60 /* Debug */,
				D2D0511F1DB26C9500989A60 /* Release */,
			);
			defaultConfigurationIsVisible = 0;
			defaultConfigurationName = Release;
		};
		D2D051201DB26C9500989A60 /* Build configuration list for PBXNativeTarget "Blockspot" */ = {
			isa = XCConfigurationList;
			buildConfigurations = (
				D2D051211DB26C9500989A60 /* Debug */,
				D2D051221DB26C9500989A60 /* Release */,
			);
			defaultConfigurationIsVisible = 0;
			defaultConfigurationName = Release;
		};
/* End XCConfigurationList section */
	};
	rootObject = D2D051091DB26C9500989A60 /* Project object */;
}
